
Microsoft Visual Studio Solution File, Format Version 12.00
# Visual Studio 15
VisualStudioVersion = 15.0.26124.0
MinimumVisualStudioVersion = 15.0.26124.0
Project("{2150E333-8FDC-42A3-9474-1A3956D46DE8}") = "Cadastro", "Cadastro", "{A206521C-FFF0-45EB-939B-59828015CBFD}"
EndProject
Project("{FAE04EC0-301F-11D3-BF4B-00C04F79EFBC}") = "Cadastro.Core", "Cadastro\Cadastro.Core\Cadastro.Core.csproj", "{4B284B1F-5E19-4921-A690-0198B6D0A795}"
EndProject
Project("{2150E333-8FDC-42A3-9474-1A3956D46DE8}") = "NucleoCompartilhado", "NucleoCompartilhado", "{C8694484-8046-4164-9895-9BF1181B39B7}"
EndProject
Project("{FAE04EC0-301F-11D3-BF4B-00C04F79EFBC}") = "Nucleo.Core", "NucleoCompartilhado\Nucleo.Core\Nucleo.Core.csproj", "{D5D86E25-9BFA-4F58-8D92-DB14C02A1112}"
EndProject
Project("{2150E333-8FDC-42A3-9474-1A3956D46DE8}") = "Suporte", "Suporte", "{ED919AE9-B47F-4872-82D4-2D9C7AC2941A}"
EndProject
Project("{FAE04EC0-301F-11D3-BF4B-00C04F79EFBC}") = "IdentidadeAcesso.Core", "Suporte\IdentidadeAcesso.Core\IdentidadeAcesso.Core.csproj", "{4683EDBA-EC98-442F-AFA3-2D727D05A589}"
EndProject
Global
	GlobalSection(SolutionConfigurationPlatforms) = preSolution
		Debug|Any CPU = Debug|Any CPU
		Debug|x64 = Debug|x64
		Debug|x86 = Debug|x86
		Release|Any CPU = Release|Any CPU
		Release|x64 = Release|x64
		Release|x86 = Release|x86
	EndGlobalSection
	GlobalSection(SolutionProperties) = preSolution
		HideSolutionNode = FALSE
	EndGlobalSection
	GlobalSection(ProjectConfigurationPlatforms) = postSolution
		{4B284B1F-5E19-4921-A690-0198B6D0A795}.Debug|Any CPU.ActiveCfg = Debug|Any CPU
		{4B284B1F-5E19-4921-A690-0198B6D0A795}.Debug|Any CPU.Build.0 = Debug|Any CPU
		{4B284B1F-5E19-4921-A690-0198B6D0A795}.Debug|x64.ActiveCfg = Debug|x64
		{4B284B1F-5E19-4921-A690-0198B6D0A795}.Debug|x64.Build.0 = Debug|x64
		{4B284B1F-5E19-4921-A690-0198B6D0A795}.Debug|x86.ActiveCfg = Debug|x86
		{4B284B1F-5E19-4921-A690-0198B6D0A795}.Debug|x86.Build.0 = Debug|x86
		{4B284B1F-5E19-4921-A690-0198B6D0A795}.Release|Any CPU.ActiveCfg = Release|Any CPU
		{4B284B1F-5E19-4921-A690-0198B6D0A795}.Release|Any CPU.Build.0 = Release|Any CPU
		{4B284B1F-5E19-4921-A690-0198B6D0A795}.Release|x64.ActiveCfg = Release|x64
		{4B284B1F-5E19-4921-A690-0198B6D0A795}.Release|x64.Build.0 = Release|x64
		{4B284B1F-5E19-4921-A690-0198B6D0A795}.Release|x86.ActiveCfg = Release|x86
		{4B284B1F-5E19-4921-A690-0198B6D0A795}.Release|x86.Build.0 = Release|x86
		{D5D86E25-9BFA-4F58-8D92-DB14C02A1112}.Debug|Any CPU.ActiveCfg = Debug|Any CPU
		{D5D86E25-9BFA-4F58-8D92-DB14C02A1112}.Debug|Any CPU.Build.0 = Debug|Any CPU
		{D5D86E25-9BFA-4F58-8D92-DB14C02A1112}.Debug|x64.ActiveCfg = Debug|x64
		{D5D86E25-9BFA-4F58-8D92-DB14C02A1112}.Debug|x64.Build.0 = Debug|x64
		{D5D86E25-9BFA-4F58-8D92-DB14C02A1112}.Debug|x86.ActiveCfg = Debug|x86
		{D5D86E25-9BFA-4F58-8D92-DB14C02A1112}.Debug|x86.Build.0 = Debug|x86
		{D5D86E25-9BFA-4F58-8D92-DB14C02A1112}.Release|Any CPU.ActiveCfg = Release|Any CPU
		{D5D86E25-9BFA-4F58-8D92-DB14C02A1112}.Release|Any CPU.Build.0 = Release|Any CPU
		{D5D86E25-9BFA-4F58-8D92-DB14C02A1112}.Release|x64.ActiveCfg = Release|x64
		{D5D86E25-9BFA-4F58-8D92-DB14C02A1112}.Release|x64.Build.0 = Release|x64
		{D5D86E25-9BFA-4F58-8D92-DB14C02A1112}.Release|x86.ActiveCfg = Release|x86
		{D5D86E25-9BFA-4F58-8D92-DB14C02A1112}.Release|x86.Build.0 = Release|x86
		{4683EDBA-EC98-442F-AFA3-2D727D05A589}.Debug|Any CPU.ActiveCfg = Debug|Any CPU
		{4683EDBA-EC98-442F-AFA3-2D727D05A589}.Debug|Any CPU.Build.0 = Debug|Any CPU
		{4683EDBA-EC98-442F-AFA3-2D727D05A589}.Debug|x64.ActiveCfg = Debug|x64
		{4683EDBA-EC98-442F-AFA3-2D727D05A589}.Debug|x64.Build.0 = Debug|x64
		{4683EDBA-EC98-442F-AFA3-2D727D05A589}.Debug|x86.ActiveCfg = Debug|x86
		{4683EDBA-EC98-442F-AFA3-2D727D05A589}.Debug|x86.Build.0 = Debug|x86
		{4683EDBA-EC98-442F-AFA3-2D727D05A589}.Release|Any CPU.ActiveCfg = Release|Any CPU
		{4683EDBA-EC98-442F-AFA3-2D727D05A589}.Release|Any CPU.Build.0 = Release|Any CPU
		{4683EDBA-EC98-442F-AFA3-2D727D05A589}.Release|x64.ActiveCfg = Release|x64
		{4683EDBA-EC98-442F-AFA3-2D727D05A589}.Release|x64.Build.0 = Release|x64
		{4683EDBA-EC98-442F-AFA3-2D727D05A589}.Release|x86.ActiveCfg = Release|x86
		{4683EDBA-EC98-442F-AFA3-2D727D05A589}.Release|x86.Build.0 = Release|x86
	EndGlobalSection
	GlobalSection(NestedProjects) = preSolution
		{4B284B1F-5E19-4921-A690-0198B6D0A795} = {A206521C-FFF0-45EB-939B-59828015CBFD}
		{D5D86E25-9BFA-4F58-8D92-DB14C02A1112} = {C8694484-8046-4164-9895-9BF1181B39B7}
		{4683EDBA-EC98-442F-AFA3-2D727D05A589} = {ED919AE9-B47F-4872-82D4-2D9C7AC2941A}
	EndGlobalSection
EndGlobal
