
Microsoft Visual Studio Solution File, Format Version 12.00
# Visual Studio 15
VisualStudioVersion = 15.0.26124.0
MinimumVisualStudioVersion = 15.0.26124.0
Project("{2150E333-8FDC-42A3-9474-1A3956D46DE8}") = "Cadastro", "Cadastro", "{A206521C-FFF0-45EB-939B-59828015CBFD}"
EndProject
Project("{FAE04EC0-301F-11D3-BF4B-00C04F79EFBC}") = "Cadastro.Core", "Cadastro\Cadastro.Core\Cadastro.Core.csproj", "{4B284B1F-5E19-4921-A690-0198B6D0A795}"
EndProject
Project("{2150E333-8FDC-42A3-9474-1A3956D46DE8}") = "NucleoCompartilhado", "NucleoCompartilhado", "{C8694484-8046-4164-9895-9BF1181B39B7}"
EndProject
Project("{FAE04EC0-301F-11D3-BF4B-00C04F79EFBC}") = "Nucleo.Core", "NucleoCompartilhado\Nucleo.Core\Nucleo.Core.csproj", "{D5D86E25-9BFA-4F58-8D92-DB14C02A1112}"
EndProject
Project("{2150E333-8FDC-42A3-9474-1A3956D46DE8}") = "Suporte", "Suporte", "{ED919AE9-B47F-4872-82D4-2D9C7AC2941A}"
EndProject
Project("{FAE04EC0-301F-11D3-BF4B-00C04F79EFBC}") = "IdentidadeAcesso.Core", "Suporte\IdentidadeAcesso.Core\IdentidadeAcesso.Core.csproj", "{4683EDBA-EC98-442F-AFA3-2D727D05A589}"
EndProject
Project("{FAE04EC0-301F-11D3-BF4B-00C04F79EFBC}") = "Cadastro.Testes", "Cadastro\Cadastro.Testes\Cadastro.Testes.csproj", "{186DBA9C-8052-4ABB-A4E1-2A4F2EE13845}"
EndProject
Project("{FAE04EC0-301F-11D3-BF4B-00C04F79EFBC}") = "Cadastro.Data", "Cadastro\Cadastro.Data\Cadastro.Data.csproj", "{6A612792-0967-4ABF-9BB1-933E850517DB}"
EndProject
Project("{2150E333-8FDC-42A3-9474-1A3956D46DE8}") = "Confeccao", "Confeccao", "{A31487DF-5812-4AC9-A4AA-DF65C869183C}"
EndProject
Project("{FAE04EC0-301F-11D3-BF4B-00C04F79EFBC}") = "Confeccao.Core", "Confeccao\Confeccao.Core\Confeccao.Core.csproj", "{5947E842-4F52-4463-9708-6CE53AB1F47C}"
EndProject
Project("{FAE04EC0-301F-11D3-BF4B-00C04F79EFBC}") = "Confeccao.Apresentacao", "Confeccao\Confeccao.Apresentacao\Confeccao.Apresentacao.csproj", "{BC02E76B-6576-4C69-A42D-B63B306F4FE1}"
EndProject
Project("{FAE04EC0-301F-11D3-BF4B-00C04F79EFBC}") = "EventoCertificado", "EventoCertificado\EventoCertificado.csproj", "{EBA0F196-FE50-424E-A5B8-1CC92B3B589E}"
EndProject
Project("{2150E333-8FDC-42A3-9474-1A3956D46DE8}") = "Emissao", "Emissao", "{FBB693A9-CA54-48EE-BB05-7C5D68C8EA83}"
EndProject
Project("{FAE04EC0-301F-11D3-BF4B-00C04F79EFBC}") = "Emissao.Core", "Emissao\Emissao.Core\Emissao.Core.csproj", "{6DC23B26-CBA6-4A10-942E-B2A28979A36D}"
EndProject
Global
	GlobalSection(SolutionConfigurationPlatforms) = preSolution
		Debug|Any CPU = Debug|Any CPU
		Debug|x64 = Debug|x64
		Debug|x86 = Debug|x86
		Release|Any CPU = Release|Any CPU
		Release|x64 = Release|x64
		Release|x86 = Release|x86
	EndGlobalSection
	GlobalSection(SolutionProperties) = preSolution
		HideSolutionNode = FALSE
	EndGlobalSection
	GlobalSection(ProjectConfigurationPlatforms) = postSolution
		{4B284B1F-5E19-4921-A690-0198B6D0A795}.Debug|Any CPU.ActiveCfg = Debug|Any CPU
		{4B284B1F-5E19-4921-A690-0198B6D0A795}.Debug|Any CPU.Build.0 = Debug|Any CPU
		{4B284B1F-5E19-4921-A690-0198B6D0A795}.Debug|x64.ActiveCfg = Debug|x64
		{4B284B1F-5E19-4921-A690-0198B6D0A795}.Debug|x64.Build.0 = Debug|x64
		{4B284B1F-5E19-4921-A690-0198B6D0A795}.Debug|x86.ActiveCfg = Debug|x86
		{4B284B1F-5E19-4921-A690-0198B6D0A795}.Debug|x86.Build.0 = Debug|x86
		{4B284B1F-5E19-4921-A690-0198B6D0A795}.Release|Any CPU.ActiveCfg = Release|Any CPU
		{4B284B1F-5E19-4921-A690-0198B6D0A795}.Release|Any CPU.Build.0 = Release|Any CPU
		{4B284B1F-5E19-4921-A690-0198B6D0A795}.Release|x64.ActiveCfg = Release|x64
		{4B284B1F-5E19-4921-A690-0198B6D0A795}.Release|x64.Build.0 = Release|x64
		{4B284B1F-5E19-4921-A690-0198B6D0A795}.Release|x86.ActiveCfg = Release|x86
		{4B284B1F-5E19-4921-A690-0198B6D0A795}.Release|x86.Build.0 = Release|x86
		{D5D86E25-9BFA-4F58-8D92-DB14C02A1112}.Debug|Any CPU.ActiveCfg = Debug|Any CPU
		{D5D86E25-9BFA-4F58-8D92-DB14C02A1112}.Debug|Any CPU.Build.0 = Debug|Any CPU
		{D5D86E25-9BFA-4F58-8D92-DB14C02A1112}.Debug|x64.ActiveCfg = Debug|x64
		{D5D86E25-9BFA-4F58-8D92-DB14C02A1112}.Debug|x64.Build.0 = Debug|x64
		{D5D86E25-9BFA-4F58-8D92-DB14C02A1112}.Debug|x86.ActiveCfg = Debug|x86
		{D5D86E25-9BFA-4F58-8D92-DB14C02A1112}.Debug|x86.Build.0 = Debug|x86
		{D5D86E25-9BFA-4F58-8D92-DB14C02A1112}.Release|Any CPU.ActiveCfg = Release|Any CPU
		{D5D86E25-9BFA-4F58-8D92-DB14C02A1112}.Release|Any CPU.Build.0 = Release|Any CPU
		{D5D86E25-9BFA-4F58-8D92-DB14C02A1112}.Release|x64.ActiveCfg = Release|x64
		{D5D86E25-9BFA-4F58-8D92-DB14C02A1112}.Release|x64.Build.0 = Release|x64
		{D5D86E25-9BFA-4F58-8D92-DB14C02A1112}.Release|x86.ActiveCfg = Release|x86
		{D5D86E25-9BFA-4F58-8D92-DB14C02A1112}.Release|x86.Build.0 = Release|x86
		{4683EDBA-EC98-442F-AFA3-2D727D05A589}.Debug|Any CPU.ActiveCfg = Debug|Any CPU
		{4683EDBA-EC98-442F-AFA3-2D727D05A589}.Debug|Any CPU.Build.0 = Debug|Any CPU
		{4683EDBA-EC98-442F-AFA3-2D727D05A589}.Debug|x64.ActiveCfg = Debug|x64
		{4683EDBA-EC98-442F-AFA3-2D727D05A589}.Debug|x64.Build.0 = Debug|x64
		{4683EDBA-EC98-442F-AFA3-2D727D05A589}.Debug|x86.ActiveCfg = Debug|x86
		{4683EDBA-EC98-442F-AFA3-2D727D05A589}.Debug|x86.Build.0 = Debug|x86
		{4683EDBA-EC98-442F-AFA3-2D727D05A589}.Release|Any CPU.ActiveCfg = Release|Any CPU
		{4683EDBA-EC98-442F-AFA3-2D727D05A589}.Release|Any CPU.Build.0 = Release|Any CPU
		{4683EDBA-EC98-442F-AFA3-2D727D05A589}.Release|x64.ActiveCfg = Release|x64
		{4683EDBA-EC98-442F-AFA3-2D727D05A589}.Release|x64.Build.0 = Release|x64
		{4683EDBA-EC98-442F-AFA3-2D727D05A589}.Release|x86.ActiveCfg = Release|x86
		{4683EDBA-EC98-442F-AFA3-2D727D05A589}.Release|x86.Build.0 = Release|x86
		{186DBA9C-8052-4ABB-A4E1-2A4F2EE13845}.Debug|Any CPU.ActiveCfg = Debug|Any CPU
		{186DBA9C-8052-4ABB-A4E1-2A4F2EE13845}.Debug|Any CPU.Build.0 = Debug|Any CPU
		{186DBA9C-8052-4ABB-A4E1-2A4F2EE13845}.Debug|x64.ActiveCfg = Debug|x64
		{186DBA9C-8052-4ABB-A4E1-2A4F2EE13845}.Debug|x64.Build.0 = Debug|x64
		{186DBA9C-8052-4ABB-A4E1-2A4F2EE13845}.Debug|x86.ActiveCfg = Debug|x86
		{186DBA9C-8052-4ABB-A4E1-2A4F2EE13845}.Debug|x86.Build.0 = Debug|x86
		{186DBA9C-8052-4ABB-A4E1-2A4F2EE13845}.Release|Any CPU.ActiveCfg = Release|Any CPU
		{186DBA9C-8052-4ABB-A4E1-2A4F2EE13845}.Release|Any CPU.Build.0 = Release|Any CPU
		{186DBA9C-8052-4ABB-A4E1-2A4F2EE13845}.Release|x64.ActiveCfg = Release|x64
		{186DBA9C-8052-4ABB-A4E1-2A4F2EE13845}.Release|x64.Build.0 = Release|x64
		{186DBA9C-8052-4ABB-A4E1-2A4F2EE13845}.Release|x86.ActiveCfg = Release|x86
		{186DBA9C-8052-4ABB-A4E1-2A4F2EE13845}.Release|x86.Build.0 = Release|x86
		{6A612792-0967-4ABF-9BB1-933E850517DB}.Debug|Any CPU.ActiveCfg = Debug|Any CPU
		{6A612792-0967-4ABF-9BB1-933E850517DB}.Debug|Any CPU.Build.0 = Debug|Any CPU
		{6A612792-0967-4ABF-9BB1-933E850517DB}.Debug|x64.ActiveCfg = Debug|x64
		{6A612792-0967-4ABF-9BB1-933E850517DB}.Debug|x64.Build.0 = Debug|x64
		{6A612792-0967-4ABF-9BB1-933E850517DB}.Debug|x86.ActiveCfg = Debug|x86
		{6A612792-0967-4ABF-9BB1-933E850517DB}.Debug|x86.Build.0 = Debug|x86
		{6A612792-0967-4ABF-9BB1-933E850517DB}.Release|Any CPU.ActiveCfg = Release|Any CPU
		{6A612792-0967-4ABF-9BB1-933E850517DB}.Release|Any CPU.Build.0 = Release|Any CPU
		{6A612792-0967-4ABF-9BB1-933E850517DB}.Release|x64.ActiveCfg = Release|x64
		{6A612792-0967-4ABF-9BB1-933E850517DB}.Release|x64.Build.0 = Release|x64
		{6A612792-0967-4ABF-9BB1-933E850517DB}.Release|x86.ActiveCfg = Release|x86
		{6A612792-0967-4ABF-9BB1-933E850517DB}.Release|x86.Build.0 = Release|x86
		{5947E842-4F52-4463-9708-6CE53AB1F47C}.Debug|Any CPU.ActiveCfg = Debug|Any CPU
		{5947E842-4F52-4463-9708-6CE53AB1F47C}.Debug|Any CPU.Build.0 = Debug|Any CPU
		{5947E842-4F52-4463-9708-6CE53AB1F47C}.Debug|x64.ActiveCfg = Debug|x64
		{5947E842-4F52-4463-9708-6CE53AB1F47C}.Debug|x64.Build.0 = Debug|x64
		{5947E842-4F52-4463-9708-6CE53AB1F47C}.Debug|x86.ActiveCfg = Debug|x86
		{5947E842-4F52-4463-9708-6CE53AB1F47C}.Debug|x86.Build.0 = Debug|x86
		{5947E842-4F52-4463-9708-6CE53AB1F47C}.Release|Any CPU.ActiveCfg = Release|Any CPU
		{5947E842-4F52-4463-9708-6CE53AB1F47C}.Release|Any CPU.Build.0 = Release|Any CPU
		{5947E842-4F52-4463-9708-6CE53AB1F47C}.Release|x64.ActiveCfg = Release|x64
		{5947E842-4F52-4463-9708-6CE53AB1F47C}.Release|x64.Build.0 = Release|x64
		{5947E842-4F52-4463-9708-6CE53AB1F47C}.Release|x86.ActiveCfg = Release|x86
		{5947E842-4F52-4463-9708-6CE53AB1F47C}.Release|x86.Build.0 = Release|x86
		{BC02E76B-6576-4C69-A42D-B63B306F4FE1}.Debug|Any CPU.ActiveCfg = Debug|Any CPU
		{BC02E76B-6576-4C69-A42D-B63B306F4FE1}.Debug|Any CPU.Build.0 = Debug|Any CPU
		{BC02E76B-6576-4C69-A42D-B63B306F4FE1}.Debug|x64.ActiveCfg = Debug|x64
		{BC02E76B-6576-4C69-A42D-B63B306F4FE1}.Debug|x64.Build.0 = Debug|x64
		{BC02E76B-6576-4C69-A42D-B63B306F4FE1}.Debug|x86.ActiveCfg = Debug|x86
		{BC02E76B-6576-4C69-A42D-B63B306F4FE1}.Debug|x86.Build.0 = Debug|x86
		{BC02E76B-6576-4C69-A42D-B63B306F4FE1}.Release|Any CPU.ActiveCfg = Release|Any CPU
		{BC02E76B-6576-4C69-A42D-B63B306F4FE1}.Release|Any CPU.Build.0 = Release|Any CPU
		{BC02E76B-6576-4C69-A42D-B63B306F4FE1}.Release|x64.ActiveCfg = Release|x64
		{BC02E76B-6576-4C69-A42D-B63B306F4FE1}.Release|x64.Build.0 = Release|x64
		{BC02E76B-6576-4C69-A42D-B63B306F4FE1}.Release|x86.ActiveCfg = Release|x86
		{BC02E76B-6576-4C69-A42D-B63B306F4FE1}.Release|x86.Build.0 = Release|x86
		{EBA0F196-FE50-424E-A5B8-1CC92B3B589E}.Debug|Any CPU.ActiveCfg = Debug|Any CPU
		{EBA0F196-FE50-424E-A5B8-1CC92B3B589E}.Debug|Any CPU.Build.0 = Debug|Any CPU
		{EBA0F196-FE50-424E-A5B8-1CC92B3B589E}.Debug|x64.ActiveCfg = Debug|x64
		{EBA0F196-FE50-424E-A5B8-1CC92B3B589E}.Debug|x64.Build.0 = Debug|x64
		{EBA0F196-FE50-424E-A5B8-1CC92B3B589E}.Debug|x86.ActiveCfg = Debug|x86
		{EBA0F196-FE50-424E-A5B8-1CC92B3B589E}.Debug|x86.Build.0 = Debug|x86
		{EBA0F196-FE50-424E-A5B8-1CC92B3B589E}.Release|Any CPU.ActiveCfg = Release|Any CPU
		{EBA0F196-FE50-424E-A5B8-1CC92B3B589E}.Release|Any CPU.Build.0 = Release|Any CPU
		{EBA0F196-FE50-424E-A5B8-1CC92B3B589E}.Release|x64.ActiveCfg = Release|x64
		{EBA0F196-FE50-424E-A5B8-1CC92B3B589E}.Release|x64.Build.0 = Release|x64
		{EBA0F196-FE50-424E-A5B8-1CC92B3B589E}.Release|x86.ActiveCfg = Release|x86
		{EBA0F196-FE50-424E-A5B8-1CC92B3B589E}.Release|x86.Build.0 = Release|x86
		{6DC23B26-CBA6-4A10-942E-B2A28979A36D}.Debug|Any CPU.ActiveCfg = Debug|Any CPU
		{6DC23B26-CBA6-4A10-942E-B2A28979A36D}.Debug|Any CPU.Build.0 = Debug|Any CPU
		{6DC23B26-CBA6-4A10-942E-B2A28979A36D}.Debug|x64.ActiveCfg = Debug|x64
		{6DC23B26-CBA6-4A10-942E-B2A28979A36D}.Debug|x64.Build.0 = Debug|x64
		{6DC23B26-CBA6-4A10-942E-B2A28979A36D}.Debug|x86.ActiveCfg = Debug|x86
		{6DC23B26-CBA6-4A10-942E-B2A28979A36D}.Debug|x86.Build.0 = Debug|x86
		{6DC23B26-CBA6-4A10-942E-B2A28979A36D}.Release|Any CPU.ActiveCfg = Release|Any CPU
		{6DC23B26-CBA6-4A10-942E-B2A28979A36D}.Release|Any CPU.Build.0 = Release|Any CPU
		{6DC23B26-CBA6-4A10-942E-B2A28979A36D}.Release|x64.ActiveCfg = Release|x64
		{6DC23B26-CBA6-4A10-942E-B2A28979A36D}.Release|x64.Build.0 = Release|x64
		{6DC23B26-CBA6-4A10-942E-B2A28979A36D}.Release|x86.ActiveCfg = Release|x86
		{6DC23B26-CBA6-4A10-942E-B2A28979A36D}.Release|x86.Build.0 = Release|x86
	EndGlobalSection
	GlobalSection(NestedProjects) = preSolution
		{4B284B1F-5E19-4921-A690-0198B6D0A795} = {A206521C-FFF0-45EB-939B-59828015CBFD}
		{D5D86E25-9BFA-4F58-8D92-DB14C02A1112} = {C8694484-8046-4164-9895-9BF1181B39B7}
		{4683EDBA-EC98-442F-AFA3-2D727D05A589} = {ED919AE9-B47F-4872-82D4-2D9C7AC2941A}
		{186DBA9C-8052-4ABB-A4E1-2A4F2EE13845} = {A206521C-FFF0-45EB-939B-59828015CBFD}
		{6A612792-0967-4ABF-9BB1-933E850517DB} = {A206521C-FFF0-45EB-939B-59828015CBFD}
		{5947E842-4F52-4463-9708-6CE53AB1F47C} = {A31487DF-5812-4AC9-A4AA-DF65C869183C}
		{BC02E76B-6576-4C69-A42D-B63B306F4FE1} = {A31487DF-5812-4AC9-A4AA-DF65C869183C}
		{6DC23B26-CBA6-4A10-942E-B2A28979A36D} = {FBB693A9-CA54-48EE-BB05-7C5D68C8EA83}
	EndGlobalSection
EndGlobal
